
Microsoft Visual Studio Solution File, Format Version 12.00
# Visual Studio Version 17
VisualStudioVersion = 17.2.32616.157
MinimumVisualStudioVersion = 10.0.40219.1
Project("{8BC9CEB8-8B4A-11D0-8D11-00A0C91BC942}") = "RBT(Red-Black Tree)", "RBT(Red-Black Tree)\RBT(Red-Black Tree).vcxproj", "{46896AE0-B3A9-4B98-BD86-36F4D35F8B99}"
EndProject
Global
	GlobalSection(SolutionConfigurationPlatforms) = preSolution
		Debug|x64 = Debug|x64
		Debug|x86 = Debug|x86
		Release|x64 = Release|x64
		Release|x86 = Release|x86
	EndGlobalSection
	GlobalSection(ProjectConfigurationPlatforms) = postSolution
		{46896AE0-B3A9-4B98-BD86-36F4D35F8B99}.Debug|x64.ActiveCfg = Debug|x64
		{46896AE0-B3A9-4B98-BD86-36F4D35F8B99}.Debug|x64.Build.0 = Debug|x64
		{46896AE0-B3A9-4B98-BD86-36F4D35F8B99}.Debug|x86.ActiveCfg = Debug|Win32
		{46896AE0-B3A9-4B98-BD86-36F4D35F8B99}.Debug|x86.Build.0 = Debug|Win32
		{46896AE0-B3A9-4B98-BD86-36F4D35F8B99}.Release|x64.ActiveCfg = Release|x64
		{46896AE0-B3A9-4B98-BD86-36F4D35F8B99}.Release|x64.Build.0 = Release|x64
		{46896AE0-B3A9-4B98-BD86-36F4D35F8B99}.Release|x86.ActiveCfg = Release|Win32
		{46896AE0-B3A9-4B98-BD86-36F4D35F8B99}.Release|x86.Build.0 = Release|Win32
	EndGlobalSection
	GlobalSection(SolutionProperties) = preSolution
		HideSolutionNode = FALSE
	EndGlobalSection
	GlobalSection(ExtensibilityGlobals) = postSolution
		SolutionGuid = {F6E77405-0D1A-497E-83FA-97D3B1A76CD6}
	EndGlobalSection
EndGlobal
